
Microsoft Visual Studio Solution File, Format Version 12.00
# Visual Studio Version 16
VisualStudioVersion = 16.0.31729.503
MinimumVisualStudioVersion = 10.0.40219.1
Project("{9A19103F-16F7-4668-BE54-9A1E7A4F7556}") = "Diplom", "Diplom.csproj", "{769008F3-FA35-42F7-BE0F-0B77948A12C4}"
	ProjectSection(ProjectDependencies) = postProject
		{35E317BB-B508-4E04-891F-888E6559D055} = {35E317BB-B508-4E04-891F-888E6559D055}
	EndProjectSection
EndProject
Project("{00D1A9C2-B5F0-4AF3-8072-F6C62B433612}") = "DiplomDatabase", "..\DiplomDatabase\DiplomDatabase.sqlproj", "{35E317BB-B508-4E04-891F-888E6559D055}"
EndProject
Global
	GlobalSection(SolutionConfigurationPlatforms) = preSolution
		Debug|Any CPU = Debug|Any CPU
		Release|Any CPU = Release|Any CPU
	EndGlobalSection
	GlobalSection(ProjectConfigurationPlatforms) = postSolution
		{769008F3-FA35-42F7-BE0F-0B77948A12C4}.Debug|Any CPU.ActiveCfg = Debug|Any CPU
		{769008F3-FA35-42F7-BE0F-0B77948A12C4}.Debug|Any CPU.Build.0 = Debug|Any CPU
		{769008F3-FA35-42F7-BE0F-0B77948A12C4}.Release|Any CPU.ActiveCfg = Release|Any CPU
		{769008F3-FA35-42F7-BE0F-0B77948A12C4}.Release|Any CPU.Build.0 = Release|Any CPU
		{35E317BB-B508-4E04-891F-888E6559D055}.Debug|Any CPU.ActiveCfg = Debug|Any CPU
		{35E317BB-B508-4E04-891F-888E6559D055}.Debug|Any CPU.Build.0 = Debug|Any CPU
		{35E317BB-B508-4E04-891F-888E6559D055}.Debug|Any CPU.Deploy.0 = Debug|Any CPU
		{35E317BB-B508-4E04-891F-888E6559D055}.Release|Any CPU.ActiveCfg = Release|Any CPU
		{35E317BB-B508-4E04-891F-888E6559D055}.Release|Any CPU.Build.0 = Release|Any CPU
		{35E317BB-B508-4E04-891F-888E6559D055}.Release|Any CPU.Deploy.0 = Release|Any CPU
	EndGlobalSection
	GlobalSection(SolutionProperties) = preSolution
		HideSolutionNode = FALSE
	EndGlobalSection
	GlobalSection(ExtensibilityGlobals) = postSolution
		SolutionGuid = {AD39B115-70A1-4EED-94EC-40D43DCBFE6F}
	EndGlobalSection
EndGlobal
